// !$*UTF8*$!
{
	archiveVersion = 1;
	classes = {
	};
	objectVersion = 55;
	objects = {

/* Begin PBXBuildFile section */
		2BEBAFC727DFD5B900C7E3C7 /* testApp.swift in Sources */ = {isa = PBXBuildFile; fileRef = 2BEBAFC627DFD5B900C7E3C7 /* testApp.swift */; };
		2BEBAFC927DFD5B900C7E3C7 /* ContentView.swift in Sources */ = {isa = PBXBuildFile; fileRef = 2BEBAFC827DFD5B900C7E3C7 /* ContentView.swift */; };
		2BEBAFCB27DFD5BB00C7E3C7 /* Assets.xcassets in Resources */ = {isa = PBXBuildFile; fileRef = 2BEBAFCA27DFD5BB00C7E3C7 /* Assets.xcassets */; };
		2BEBAFCE27DFD5BB00C7E3C7 /* Preview Assets.xcassets in Resources */ = {isa = PBXBuildFile; fileRef = 2BEBAFCD27DFD5BB00C7E3C7 /* Preview Assets.xcassets */; };
		2BEBAFD827DFD5BB00C7E3C7 /* testTests.swift in Sources */ = {isa = PBXBuildFile; fileRef = 2BEBAFD727DFD5BB00C7E3C7 /* testTests.swift */; };
		2BEBAFE227DFD5BB00C7E3C7 /* testUITests.swift in Sources */ = {isa = PBXBuildFile; fileRef = 2BEBAFE127DFD5BB00C7E3C7 /* testUITests.swift */; };
		2BEBAFE427DFD5BB00C7E3C7 /* testUITestsLaunchTests.swift in Sources */ = {isa = PBXBuildFile; fileRef = 2BEBAFE327DFD5BB00C7E3C7 /* testUITestsLaunchTests.swift */; };
/* End PBXBuildFile section */

/* Begin PBXContainerItemProxy section */
		2BEBAFD427DFD5BB00C7E3C7 /* PBXContainerItemProxy */ = {
			isa = PBXContainerItemProxy;
			containerPortal = 2BEBAFBB27DFD5B900C7E3C7 /* Project object */;
			proxyType = 1;
			remoteGlobalIDString = 2BEBAFC227DFD5B900C7E3C7;
			remoteInfo = test;
		};
		2BEBAFDE27DFD5BB00C7E3C7 /* PBXContainerItemProxy */ = {
			isa = PBXContainerItemProxy;
			containerPortal = 2BEBAFBB27DFD5B900C7E3C7 /* Project object */;
			proxyType = 1;
			remoteGlobalIDString = 2BEBAFC227DFD5B900C7E3C7;
			remoteInfo = test;
		};
/* End PBXContainerItemProxy section */

/* Begin PBXFileReference section */
		2BEBAFC327DFD5B900C7E3C7 /* test.app */ = {isa = PBXFileReference; explicitFileType = wrapper.application; includeInIndex = 0; path = test.app; sourceTree = BUILT_PRODUCTS_DIR; };
		2BEBAFC627DFD5B900C7E3C7 /* testApp.swift */ = {isa = PBXFileReference; lastKnownFileType = sourcecode.swift; path = testApp.swift; sourceTree = "<group>"; };
		2BEBAFC827DFD5B900C7E3C7 /* ContentView.swift */ = {isa = PBXFileReference; lastKnownFileType = sourcecode.swift; path = ContentView.swift; sourceTree = "<group>"; };
		2BEBAFCA27DFD5BB00C7E3C7 /* Assets.xcassets */ = {isa = PBXFileReference; lastKnownFileType = folder.assetcatalog; path = Assets.xcassets; sourceTree = "<group>"; };
		2BEBAFCD27DFD5BB00C7E3C7 /* Preview Assets.xcassets */ = {isa = PBXFileReference; lastKnownFileType = folder.assetcatalog; path = "Preview Assets.xcassets"; sourceTree = "<group>"; };
		2BEBAFD327DFD5BB00C7E3C7 /* testTests.xctest */ = {isa = PBXFileReference; explicitFileType = wrapper.cfbundle; includeInIndex = 0; path = testTests.xctest; sourceTree = BUILT_PRODUCTS_DIR; };
		2BEBAFD727DFD5BB00C7E3C7 /* testTests.swift */ = {isa = PBXFileReference; lastKnownFileType = sourcecode.swift; path = testTests.swift; sourceTree = "<group>"; };
		2BEBAFDD27DFD5BB00C7E3C7 /* testUITests.xctest */ = {isa = PBXFileReference; explicitFileType = wrapper.cfbundle; includeInIndex = 0; path = testUITests.xctest; sourceTree = BUILT_PRODUCTS_DIR; };
		2BEBAFE127DFD5BB00C7E3C7 /* testUITests.swift */ = {isa = PBXFileReference; lastKnownFileType = sourcecode.swift; path = testUITests.swift; sourceTree = "<group>"; };
		2BEBAFE327DFD5BB00C7E3C7 /* testUITestsLaunchTests.swift */ = {isa = PBXFileReference; lastKnownFileType = sourcecode.swift; path = testUITestsLaunchTests.swift; sourceTree = "<group>"; };
/* End PBXFileReference section */

/* Begin PBXFrameworksBuildPhase section */
		2BEBAFC027DFD5B900C7E3C7 /* Frameworks */ = {
			isa = PBXFrameworksBuildPhase;
			buildActionMask = 2147483647;
			files = (
			);
			runOnlyForDeploymentPostprocessing = 0;
		};
		2BEBAFD027DFD5BB00C7E3C7 /* Frameworks */ = {
			isa = PBXFrameworksBuildPhase;
			buildActionMask = 2147483647;
			files = (
			);
			runOnlyForDeploymentPostprocessing = 0;
		};
		2BEBAFDA27DFD5BB00C7E3C7 /* Frameworks */ = {
			isa = PBXFrameworksBuildPhase;
			buildActionMask = 2147483647;
			files = (
			);
			runOnlyForDeploymentPostprocessing = 0;
		};
/* End PBXFrameworksBuildPhase section */

/* Begin PBXGroup section */
		2BEBAFBA27DFD5B900C7E3C7 = {
			isa = PBXGroup;
			children = (
				2BEBAFC527DFD5B900C7E3C7 /* test */,
				2BEBAFD627DFD5BB00C7E3C7 /* testTests */,
				2BEBAFE027DFD5BB00C7E3C7 /* testUITests */,
				2BEBAFC427DFD5B900C7E3C7 /* Products */,
			);
			sourceTree = "<group>";
		};
		2BEBAFC427DFD5B900C7E3C7 /* Products */ = {
			isa = PBXGroup;
			children = (
				2BEBAFC327DFD5B900C7E3C7 /* test.app */,
				2BEBAFD327DFD5BB00C7E3C7 /* testTests.xctest */,
				2BEBAFDD27DFD5BB00C7E3C7 /* testUITests.xctest */,
			);
			name = Products;
			sourceTree = "<group>";
		};
		2BEBAFC527DFD5B900C7E3C7 /* test */ = {
			isa = PBXGroup;
			children = (
				2BEBAFC627DFD5B900C7E3C7 /* testApp.swift */,
				2BEBAFC827DFD5B900C7E3C7 /* ContentView.swift */,
				2BEBAFCA27DFD5BB00C7E3C7 /* Assets.xcassets */,
				2BEBAFCC27DFD5BB00C7E3C7 /* Preview Content */,
			);
			path = test;
			sourceTree = "<group>";
		};
		2BEBAFCC27DFD5BB00C7E3C7 /* Preview Content */ = {
			isa = PBXGroup;
			children = (
				2BEBAFCD27DFD5BB00C7E3C7 /* Preview Assets.xcassets */,
			);
			path = "Preview Content";
			sourceTree = "<group>";
		};
		2BEBAFD627DFD5BB00C7E3C7 /* testTests */ = {
			isa = PBXGroup;
			children = (
				2BEBAFD727DFD5BB00C7E3C7 /* testTests.swift */,
			);
			path = testTests;
			sourceTree = "<group>";
		};
		2BEBAFE027DFD5BB00C7E3C7 /* testUITests */ = {
			isa = PBXGroup;
			children = (
				2BEBAFE127DFD5BB00C7E3C7 /* testUITests.swift */,
				2BEBAFE327DFD5BB00C7E3C7 /* testUITestsLaunchTests.swift */,
			);
			path = testUITests;
			sourceTree = "<group>";
		};
/* End PBXGroup section */

/* Begin PBXNativeTarget section */
		2BEBAFC227DFD5B900C7E3C7 /* test */ = {
			isa = PBXNativeTarget;
			buildConfigurationList = 2BEBAFE727DFD5BB00C7E3C7 /* Build configuration list for PBXNativeTarget "test" */;
			buildPhases = (
				2BEBAFBF27DFD5B900C7E3C7 /* Sources */,
				2BEBAFC027DFD5B900C7E3C7 /* Frameworks */,
				2BEBAFC127DFD5B900C7E3C7 /* Resources */,
			);
			buildRules = (
			);
			dependencies = (
			);
			name = test;
			productName = test;
			productReference = 2BEBAFC327DFD5B900C7E3C7 /* test.app */;
			productType = "com.apple.product-type.application";
		};
		2BEBAFD227DFD5BB00C7E3C7 /* testTests */ = {
			isa = PBXNativeTarget;
			buildConfigurationList = 2BEBAFEA27DFD5BB00C7E3C7 /* Build configuration list for PBXNativeTarget "testTests" */;
			buildPhases = (
				2BEBAFCF27DFD5BB00C7E3C7 /* Sources */,
				2BEBAFD027DFD5BB00C7E3C7 /* Frameworks */,
				2BEBAFD127DFD5BB00C7E3C7 /* Resources */,
			);
			buildRules = (
			);
			dependencies = (
				2BEBAFD527DFD5BB00C7E3C7 /* PBXTargetDependency */,
			);
			name = testTests;
			productName = testTests;
			productReference = 2BEBAFD327DFD5BB00C7E3C7 /* testTests.xctest */;
			productType = "com.apple.product-type.bundle.unit-test";
		};
		2BEBAFDC27DFD5BB00C7E3C7 /* testUITests */ = {
			isa = PBXNativeTarget;
			buildConfigurationList = 2BEBAFED27DFD5BB00C7E3C7 /* Build configuration list for PBXNativeTarget "testUITests" */;
			buildPhases = (
				2BEBAFD927DFD5BB00C7E3C7 /* Sources */,
				2BEBAFDA27DFD5BB00C7E3C7 /* Frameworks */,
				2BEBAFDB27DFD5BB00C7E3C7 /* Resources */,
			);
			buildRules = (
			);
			dependencies = (
				2BEBAFDF27DFD5BB00C7E3C7 /* PBXTargetDependency */,
			);
			name = testUITests;
			productName = testUITests;
			productReference = 2BEBAFDD27DFD5BB00C7E3C7 /* testUITests.xctest */;
			productType = "com.apple.product-type.bundle.ui-testing";
		};
/* End PBXNativeTarget section */

/* Begin PBXProject section */
		2BEBAFBB27DFD5B900C7E3C7 /* Project object */ = {
			isa = PBXProject;
			attributes = {
				BuildIndependentTargetsInParallel = 1;
				LastSwiftUpdateCheck = 1320;
				LastUpgradeCheck = 1320;
				TargetAttributes = {
					2BEBAFC227DFD5B900C7E3C7 = {
						CreatedOnToolsVersion = 13.2.1;
					};
					2BEBAFD227DFD5BB00C7E3C7 = {
						CreatedOnToolsVersion = 13.2.1;
						TestTargetID = 2BEBAFC227DFD5B900C7E3C7;
					};
					2BEBAFDC27DFD5BB00C7E3C7 = {
						CreatedOnToolsVersion = 13.2.1;
						TestTargetID = 2BEBAFC227DFD5B900C7E3C7;
					};
				};
			};
			buildConfigurationList = 2BEBAFBE27DFD5B900C7E3C7 /* Build configuration list for PBXProject "test" */;
			compatibilityVersion = "Xcode 13.0";
			developmentRegion = en;
			hasScannedForEncodings = 0;
			knownRegions = (
				en,
				Base,
			);
			mainGroup = 2BEBAFBA27DFD5B900C7E3C7;
			productRefGroup = 2BEBAFC427DFD5B900C7E3C7 /* Products */;
			projectDirPath = "";
			projectRoot = "";
			targets = (
				2BEBAFC227DFD5B900C7E3C7 /* test */,
				2BEBAFD227DFD5BB00C7E3C7 /* testTests */,
				2BEBAFDC27DFD5BB00C7E3C7 /* testUITests */,
			);
		};
/* End PBXProject section */

/* Begin PBXResourcesBuildPhase section */
		2BEBAFC127DFD5B900C7E3C7 /* Resources */ = {
			isa = PBXResourcesBuildPhase;
			buildActionMask = 2147483647;
			files = (
				2BEBAFCE27DFD5BB00C7E3C7 /* Preview Assets.xcassets in Resources */,
				2BEBAFCB27DFD5BB00C7E3C7 /* Assets.xcassets in Resources */,
			);
			runOnlyForDeploymentPostprocessing = 0;
		};
		2BEBAFD127DFD5BB00C7E3C7 /* Resources */ = {
			isa = PBXResourcesBuildPhase;
			buildActionMask = 2147483647;
			files = (
			);
			runOnlyForDeploymentPostprocessing = 0;
		};
		2BEBAFDB27DFD5BB00C7E3C7 /* Resources */ = {
			isa = PBXResourcesBuildPhase;
			buildActionMask = 2147483647;
			files = (
			);
			runOnlyForDeploymentPostprocessing = 0;
		};
/* End PBXResourcesBuildPhase section */

/* Begin PBXSourcesBuildPhase section */
		2BEBAFBF27DFD5B900C7E3C7 /* Sources */ = {
			isa = PBXSourcesBuildPhase;
			buildActionMask = 2147483647;
			files = (
				2BEBAFC927DFD5B900C7E3C7 /* ContentView.swift in Sources */,
				2BEBAFC727DFD5B900C7E3C7 /* testApp.swift in Sources */,
			);
			runOnlyForDeploymentPostprocessing = 0;
		};
		2BEBAFCF27DFD5BB00C7E3C7 /* Sources */ = {
			isa = PBXSourcesBuildPhase;
			buildActionMask = 2147483647;
			files = (
				2BEBAFD827DFD5BB00C7E3C7 /* testTests.swift in Sources */,
			);
			runOnlyForDeploymentPostprocessing = 0;
		};
		2BEBAFD927DFD5BB00C7E3C7 /* Sources */ = {
			isa = PBXSourcesBuildPhase;
			buildActionMask = 2147483647;
			files = (
				2BEBAFE427DFD5BB00C7E3C7 /* testUITestsLaunchTests.swift in Sources */,
				2BEBAFE227DFD5BB00C7E3C7 /* testUITests.swift in Sources */,
			);
			runOnlyForDeploymentPostprocessing = 0;
		};
/* End PBXSourcesBuildPhase section */

/* Begin PBXTargetDependency section */
		2BEBAFD527DFD5BB00C7E3C7 /* PBXTargetDependency */ = {
			isa = PBXTargetDependency;
			target = 2BEBAFC227DFD5B900C7E3C7 /* test */;
			targetProxy = 2BEBAFD427DFD5BB00C7E3C7 /* PBXContainerItemProxy */;
		};
		2BEBAFDF27DFD5BB00C7E3C7 /* PBXTargetDependency */ = {
			isa = PBXTargetDependency;
			target = 2BEBAFC227DFD5B900C7E3C7 /* test */;
			targetProxy = 2BEBAFDE27DFD5BB00C7E3C7 /* PBXContainerItemProxy */;
		};
/* End PBXTargetDependency section */

/* Begin XCBuildConfiguration section */
		2BEBAFE527DFD5BB00C7E3C7 /* Debug */ = {
			isa = XCBuildConfiguration;
			buildSettings = {
				ALWAYS_SEARCH_USER_PATHS = NO;
				CLANG_ANALYZER_NONNULL = YES;
				CLANG_ANALYZER_NUMBER_OBJECT_CONVERSION = YES_AGGRESSIVE;
				CLANG_CXX_LANGUAGE_STANDARD = "gnu++17";
				CLANG_CXX_LIBRARY = "libc++";
				CLANG_ENABLE_MODULES = YES;
				CLANG_ENABLE_OBJC_ARC = YES;
				CLANG_ENABLE_OBJC_WEAK = YES;
				CLANG_WARN_BLOCK_CAPTURE_AUTORELEASING = YES;
				CLANG_WARN_BOOL_CONVERSION = YES;
				CLANG_WARN_COMMA = YES;
				CLANG_WARN_CONSTANT_CONVERSION = YES;
				CLANG_WARN_DEPRECATED_OBJC_IMPLEMENTATIONS = YES;
				CLANG_WARN_DIRECT_OBJC_ISA_USAGE = YES_ERROR;
				CLANG_WARN_DOCUMENTATION_COMMENTS = YES;
				CLANG_WARN_EMPTY_BODY = YES;
				CLANG_WARN_ENUM_CONVERSION = YES;
				CLANG_WARN_INFINITE_RECURSION = YES;
				CLANG_WARN_INT_CONVERSION = YES;
				CLANG_WARN_NON_LITERAL_NULL_CONVERSION = YES;
				CLANG_WARN_OBJC_IMPLICIT_RETAIN_SELF = YES;
				CLANG_WARN_OBJC_LITERAL_CONVERSION = YES;
				CLANG_WARN_OBJC_ROOT_CLASS = YES_ERROR;
				CLANG_WARN_QUOTED_INCLUDE_IN_FRAMEWORK_HEADER = YES;
				CLANG_WARN_RANGE_LOOP_ANALYSIS = YES;
				CLANG_WARN_STRICT_PROTOTYPES = YES;
				CLANG_WARN_SUSPICIOUS_MOVE = YES;
				CLANG_WARN_UNGUARDED_AVAILABILITY = YES_AGGRESSIVE;
				CLANG_WARN_UNREACHABLE_CODE = YES;
				CLANG_WARN__DUPLICATE_METHOD_MATCH = YES;
				COPY_PHASE_STRIP = NO;
				DEBUG_INFORMATION_FORMAT = dwarf;
				ENABLE_STRICT_OBJC_MSGSEND = YES;
				ENABLE_TESTABILITY = YES;
				GCC_C_LANGUAGE_STANDARD = gnu11;
				GCC_DYNAMIC_NO_PIC = NO;
				GCC_NO_COMMON_BLOCKS = YES;
				GCC_OPTIMIZATION_LEVEL = 0;
				GCC_PREPROCESSOR_DEFINITIONS = (
					"DEBUG=1",
					"$(inherited)",
				);
				GCC_WARN_64_TO_32_BIT_CONVERSION = YES;
				GCC_WARN_ABOUT_RETURN_TYPE = YES_ERROR;
				GCC_WARN_UNDECLARED_SELECTOR = YES;
				GCC_WARN_UNINITIALIZED_AUTOS = YES_AGGRESSIVE;
				GCC_WARN_UNUSED_FUNCTION = YES;
				GCC_WARN_UNUSED_VARIABLE = YES;
				IPHONEOS_DEPLOYMENT_TARGET = 15.2;
				MTL_ENABLE_DEBUG_INFO = INCLUDE_SOURCE;
				MTL_FAST_MATH = YES;
				ONLY_ACTIVE_ARCH = YES;
				SDKROOT = iphoneos;
				SWIFT_ACTIVE_COMPILATION_CONDITIONS = DEBUG;
				SWIFT_OPTIMIZATION_LEVEL = "-Onone";
			};
			name = Debug;
		};
		2BEBAFE627DFD5BB00C7E3C7 /* Release */ = {
			isa = XCBuildConfiguration;
			buildSettings = {
				ALWAYS_SEARCH_USER_PATHS = NO;
				CLANG_ANALYZER_NONNULL = YES;
				CLANG_ANALYZER_NUMBER_OBJECT_CONVERSION = YES_AGGRESSIVE;
				CLANG_CXX_LANGUAGE_STANDARD = "gnu++17";
				CLANG_CXX_LIBRARY = "libc++";
				CLANG_ENABLE_MODULES = YES;
				CLANG_ENABLE_OBJC_ARC = YES;
				CLANG_ENABLE_OBJC_WEAK = YES;
				CLANG_WARN_BLOCK_CAPTURE_AUTORELEASING = YES;
				CLANG_WARN_BOOL_CONVERSION = YES;
				CLANG_WARN_COMMA = YES;
				CLANG_WARN_CONSTANT_CONVERSION = YES;
				CLANG_WARN_DEPRECATED_OBJC_IMPLEMENTATIONS = YES;
				CLANG_WARN_DIRECT_OBJC_ISA_USAGE = YES_ERROR;
				CLANG_WARN_DOCUMENTATION_COMMENTS = YES;
				CLANG_WARN_EMPTY_BODY = YES;
				CLANG_WARN_ENUM_CONVERSION = YES;
				CLANG_WARN_INFINITE_RECURSION = YES;
				CLANG_WARN_INT_CONVERSION = YES;
				CLANG_WARN_NON_LITERAL_NULL_CONVERSION = YES;
				CLANG_WARN_OBJC_IMPLICIT_RETAIN_SELF = YES;
				CLANG_WARN_OBJC_LITERAL_CONVERSION = YES;
				CLANG_WARN_OBJC_ROOT_CLASS = YES_ERROR;
				CLANG_WARN_QUOTED_INCLUDE_IN_FRAMEWORK_HEADER = YES;
				CLANG_WARN_RANGE_LOOP_ANALYSIS = YES;
				CLANG_WARN_STRICT_PROTOTYPES = YES;
				CLANG_WARN_SUSPICIOUS_MOVE = YES;
				CLANG_WARN_UNGUARDED_AVAILABILITY = YES_AGGRESSIVE;
				CLANG_WARN_UNREACHABLE_CODE = YES;
				CLANG_WARN__DUPLICATE_METHOD_MATCH = YES;
				COPY_PHASE_STRIP = NO;
				DEBUG_INFORMATION_FORMAT = "dwarf-with-dsym";
				ENABLE_NS_ASSERTIONS = NO;
				ENABLE_STRICT_OBJC_MSGSEND = YES;
				GCC_C_LANGUAGE_STANDARD = gnu11;
				GCC_NO_COMMON_BLOCKS = YES;
				GCC_WARN_64_TO_32_BIT_CONVERSION = YES;
				GCC_WARN_ABOUT_RETURN_TYPE = YES_ERROR;
				GCC_WARN_UNDECLARED_SELECTOR = YES;
				GCC_WARN_UNINITIALIZED_AUTOS = YES_AGGRESSIVE;
				GCC_WARN_UNUSED_FUNCTION = YES;
				GCC_WARN_UNUSED_VARIABLE = YES;
				IPHONEOS_DEPLOYMENT_TARGET = 15.2;
				MTL_ENABLE_DEBUG_INFO = NO;
				MTL_FAST_MATH = YES;
				SDKROOT = iphoneos;
				SWIFT_COMPILATION_MODE = wholemodule;
				SWIFT_OPTIMIZATION_LEVEL = "-O";
				VALIDATE_PRODUCT = YES;
			};
			name = Release;
		};
		2BEBAFE827DFD5BB00C7E3C7 /* Debug */ = {
			isa = XCBuildConfiguration;
			buildSettings = {
				ASSETCATALOG_COMPILER_APPICON_NAME = AppIcon;
				ASSETCATALOG_COMPILER_GLOBAL_ACCENT_COLOR_NAME = AccentColor;
				CODE_SIGN_STYLE = Automatic;
				CURRENT_PROJECT_VERSION = 1;
				DEVELOPMENT_ASSET_PATHS = "\"test/Preview Content\"";
				DEVELOPMENT_TEAM = YBTUGUXDPT;
				ENABLE_PREVIEWS = YES;
				GENERATE_INFOPLIST_FILE = YES;
				INFOPLIST_KEY_UIApplicationSceneManifest_Generation = YES;
				INFOPLIST_KEY_UIApplicationSupportsIndirectInputEvents = YES;
				INFOPLIST_KEY_UILaunchScreen_Generation = YES;
				INFOPLIST_KEY_UISupportedInterfaceOrientations_iPad = "UIInterfaceOrientationPortrait UIInterfaceOrientationPortraitUpsideDown UIInterfaceOrientationLandscapeLeft UIInterfaceOrientationLandscapeRight";
				INFOPLIST_KEY_UISupportedInterfaceOrientations_iPhone = "UIInterfaceOrientationPortrait UIInterfaceOrientationLandscapeLeft UIInterfaceOrientationLandscapeRight";
				LD_RUNPATH_SEARCH_PATHS = (
					"$(inherited)",
					"@executable_path/Frameworks",
				);
				MARKETING_VERSION = 1.0;
				PRODUCT_BUNDLE_IDENTIFIER = com.MirceaEgry.test;
				PRODUCT_NAME = "$(TARGET_NAME)";
				SWIFT_EMIT_LOC_STRINGS = YES;
				SWIFT_VERSION = 5.0;
				TARGETED_DEVICE_FAMILY = "1,2";
			};
			name = Debug;
		};
		2BEBAFE927DFD5BB00C7E3C7 /* Release */ = {
			isa = XCBuildConfiguration;
			buildSettings = {
				ASSETCATALOG_COMPILER_APPICON_NAME = AppIcon;
				ASSETCATALOG_COMPILER_GLOBAL_ACCENT_COLOR_NAME = AccentColor;
				CODE_SIGN_STYLE = Automatic;
				CURRENT_PROJECT_VERSION = 1;
				DEVELOPMENT_ASSET_PATHS = "\"test/Preview Content\"";
				DEVELOPMENT_TEAM = YBTUGUXDPT;
				ENABLE_PREVIEWS = YES;
				GENERATE_INFOPLIST_FILE = YES;
				INFOPLIST_KEY_UIApplicationSceneManifest_Generation = YES;
				INFOPLIST_KEY_UIApplicationSupportsIndirectInputEvents = YES;
				INFOPLIST_KEY_UILaunchScreen_Generation = YES;
				INFOPLIST_KEY_UISupportedInterfaceOrientations_iPad = "UIInterfaceOrientationPortrait UIInterfaceOrientationPortraitUpsideDown UIInterfaceOrientationLandscapeLeft UIInterfaceOrientationLandscapeRight";
				INFOPLIST_KEY_UISupportedInterfaceOrientations_iPhone = "UIInterfaceOrientationPortrait UIInterfaceOrientationLandscapeLeft UIInterfaceOrientationLandscapeRight";
				LD_RUNPATH_SEARCH_PATHS = (
					"$(inherited)",
					"@executable_path/Frameworks",
				);
				MARKETING_VERSION = 1.0;
				PRODUCT_BUNDLE_IDENTIFIER = com.MirceaEgry.test;
				PRODUCT_NAME = "$(TARGET_NAME)";
				SWIFT_EMIT_LOC_STRINGS = YES;
				SWIFT_VERSION = 5.0;
				TARGETED_DEVICE_FAMILY = "1,2";
			};
			name = Release;
		};
		2BEBAFEB27DFD5BB00C7E3C7 /* Debug */ = {
			isa = XCBuildConfiguration;
			buildSettings = {
				ALWAYS_EMBED_SWIFT_STANDARD_LIBRARIES = YES;
				BUNDLE_LOADER = "$(TEST_HOST)";
				CODE_SIGN_STYLE = Automatic;
				CURRENT_PROJECT_VERSION = 1;
				DEVELOPMENT_TEAM = YBTUGUXDPT;
				GENERATE_INFOPLIST_FILE = YES;
				IPHONEOS_DEPLOYMENT_TARGET = 15.2;
				MARKETING_VERSION = 1.0;
				PRODUCT_BUNDLE_IDENTIFIER = com.MirceaEgry.testTests;
				PRODUCT_NAME = "$(TARGET_NAME)";
				SWIFT_EMIT_LOC_STRINGS = NO;
				SWIFT_VERSION = 5.0;
				TARGETED_DEVICE_FAMILY = "1,2";
				TEST_HOST = "$(BUILT_PRODUCTS_DIR)/test.app/test";
			};
			name = Debug;
		};
		2BEBAFEC27DFD5BB00C7E3C7 /* Release */ = {
			isa = XCBuildConfiguration;
			buildSettings = {
				ALWAYS_EMBED_SWIFT_STANDARD_LIBRARIES = YES;
				BUNDLE_LOADER = "$(TEST_HOST)";
				CODE_SIGN_STYLE = Automatic;
				CURRENT_PROJECT_VERSION = 1;
				DEVELOPMENT_TEAM = YBTUGUXDPT;
				GENERATE_INFOPLIST_FILE = YES;
				IPHONEOS_DEPLOYMENT_TARGET = 15.2;
				MARKETING_VERSION = 1.0;
				PRODUCT_BUNDLE_IDENTIFIER = com.MirceaEgry.testTests;
				PRODUCT_NAME = "$(TARGET_NAME)";
				SWIFT_EMIT_LOC_STRINGS = NO;
				SWIFT_VERSION = 5.0;
				TARGETED_DEVICE_FAMILY = "1,2";
				TEST_HOST = "$(BUILT_PRODUCTS_DIR)/test.app/test";
			};
			name = Release;
		};
		2BEBAFEE27DFD5BB00C7E3C7 /* Debug */ = {
			isa = XCBuildConfiguration;
			buildSettings = {
				ALWAYS_EMBED_SWIFT_STANDARD_LIBRARIES = YES;
				CODE_SIGN_STYLE = Automatic;
				CURRENT_PROJECT_VERSION = 1;
				DEVELOPMENT_TEAM = YBTUGUXDPT;
				GENERATE_INFOPLIST_FILE = YES;
				MARKETING_VERSION = 1.0;
				PRODUCT_BUNDLE_IDENTIFIER = com.MirceaEgry.testUITests;
				PRODUCT_NAME = "$(TARGET_NAME)";
				SWIFT_EMIT_LOC_STRINGS = NO;
				SWIFT_VERSION = 5.0;
				TARGETED_DEVICE_FAMILY = "1,2";
				TEST_TARGET_NAME = test;
			};
			name = Debug;
		};
		2BEBAFEF27DFD5BB00C7E3C7 /* Release */ = {
			isa = XCBuildConfiguration;
			buildSettings = {
				ALWAYS_EMBED_SWIFT_STANDARD_LIBRARIES = YES;
				CODE_SIGN_STYLE = Automatic;
				CURRENT_PROJECT_VERSION = 1;
				DEVELOPMENT_TEAM = YBTUGUXDPT;
				GENERATE_INFOPLIST_FILE = YES;
				MARKETING_VERSION = 1.0;
				PRODUCT_BUNDLE_IDENTIFIER = com.MirceaEgry.testUITests;
				PRODUCT_NAME = "$(TARGET_NAME)";
				SWIFT_EMIT_LOC_STRINGS = NO;
				SWIFT_VERSION = 5.0;
				TARGETED_DEVICE_FAMILY = "1,2";
				TEST_TARGET_NAME = test;
			};
			name = Release;
		};
/* End XCBuildConfiguration section */

/* Begin XCConfigurationList section */
		2BEBAFBE27DFD5B900C7E3C7 /* Build configuration list for PBXProject "test" */ = {
			isa = XCConfigurationList;
			buildConfigurations = (
				2BEBAFE527DFD5BB00C7E3C7 /* Debug */,
				2BEBAFE627DFD5BB00C7E3C7 /* Release */,
			);
			defaultConfigurationIsVisible = 0;
			defaultConfigurationName = Release;
		};
		2BEBAFE727DFD5BB00C7E3C7 /* Build configuration list for PBXNativeTarget "test" */ = {
			isa = XCConfigurationList;
			buildConfigurations = (
				2BEBAFE827DFD5BB00C7E3C7 /* Debug */,
				2BEBAFE927DFD5BB00C7E3C7 /* Release */,
			);
			defaultConfigurationIsVisible = 0;
			defaultConfigurationName = Release;
		};
		2BEBAFEA27DFD5BB00C7E3C7 /* Build configuration list for PBXNativeTarget "testTests" */ = {
			isa = XCConfigurationList;
			buildConfigurations = (
				2BEBAFEB27DFD5BB00C7E3C7 /* Debug */,
				2BEBAFEC27DFD5BB00C7E3C7 /* Release */,
			);
			defaultConfigurationIsVisible = 0;
			defaultConfigurationName = Release;
		};
		2BEBAFED27DFD5BB00C7E3C7 /* Build configuration list for PBXNativeTarget "testUITests" */ = {
			isa = XCConfigurationList;
			buildConfigurations = (
				2BEBAFEE27DFD5BB00C7E3C7 /* Debug */,
				2BEBAFEF27DFD5BB00C7E3C7 /* Release */,
			);
			defaultConfigurationIsVisible = 0;
			defaultConfigurationName = Release;
		};
/* End XCConfigurationList section */
	};
	rootObject = 2BEBAFBB27DFD5B900C7E3C7 /* Project object */;
}
